
Microsoft Visual Studio Solution File, Format Version 12.00
# Visual Studio Version 17
VisualStudioVersion = 17.2.32519.379
MinimumVisualStudioVersion = 10.0.40219.1
Project("{FAE04EC0-301F-11D3-BF4B-00C04F79EFBC}") = "BloodBank", "BloodBank.csproj", "{06B789F0-A624-45D5-9889-39E5CA8C068B}"
EndProject
Global
	GlobalSection(SolutionConfigurationPlatforms) = preSolution
		Debug|Any CPU = Debug|Any CPU
		Release|Any CPU = Release|Any CPU
	EndGlobalSection
	GlobalSection(ProjectConfigurationPlatforms) = postSolution
		{06B789F0-A624-45D5-9889-39E5CA8C068B}.Debug|Any CPU.ActiveCfg = Debug|Any CPU
		{06B789F0-A624-45D5-9889-39E5CA8C068B}.Debug|Any CPU.Build.0 = Debug|Any CPU
		{06B789F0-A624-45D5-9889-39E5CA8C068B}.Release|Any CPU.ActiveCfg = Release|Any CPU
		{06B789F0-A624-45D5-9889-39E5CA8C068B}.Release|Any CPU.Build.0 = Release|Any CPU
	EndGlobalSection
	GlobalSection(SolutionProperties) = preSolution
		HideSolutionNode = FALSE
	EndGlobalSection
	GlobalSection(ExtensibilityGlobals) = postSolution
		SolutionGuid = {D49B1422-6575-4D4F-8663-4DDF29728713}
	EndGlobalSection
EndGlobal
